
Microsoft Visual Studio Solution File, Format Version 12.00
# Visual Studio Version 17
VisualStudioVersion = 17.12.35527.113
MinimumVisualStudioVersion = 10.0.40219.1
Project("{FAE04EC0-301F-11D3-BF4B-00C04F79EFBC}") = "GraphVizProxy", "src\GraphvizProxy\GraphVizProxy.csproj", "{73880E54-3004-4DC1-9DAF-20E20829A3A4}"
EndProject
Project("{FAE04EC0-301F-11D3-BF4B-00C04F79EFBC}") = "Test", "src\Test\Test.csproj", "{A7CA11AC-8B5E-4B7F-8861-BF0DAE0A5AD0}"
EndProject
Project("{2150E333-8FDC-42A3-9474-1A3956D46DE8}") = "Files", "Files", "{7ABF5289-3850-4600-879A-F0971AA28348}"
	ProjectSection(SolutionItems) = preProject
		.editorconfig = .editorconfig
		.gitattributes = .gitattributes
		.gitignore = .gitignore
		build.ps1 = build.ps1
		Directory.Build.props = Directory.Build.props
		README.md = README.md
	EndProjectSection
EndProject
Global
	GlobalSection(SolutionConfigurationPlatforms) = preSolution
		Debug|Any CPU = Debug|Any CPU
		Release|Any CPU = Release|Any CPU
	EndGlobalSection
	GlobalSection(ProjectConfigurationPlatforms) = postSolution
		{73880E54-3004-4DC1-9DAF-20E20829A3A4}.Debug|Any CPU.ActiveCfg = Debug|Any CPU
		{73880E54-3004-4DC1-9DAF-20E20829A3A4}.Debug|Any CPU.Build.0 = Debug|Any CPU
		{73880E54-3004-4DC1-9DAF-20E20829A3A4}.Release|Any CPU.ActiveCfg = Release|Any CPU
		{73880E54-3004-4DC1-9DAF-20E20829A3A4}.Release|Any CPU.Build.0 = Release|Any CPU
		{A7CA11AC-8B5E-4B7F-8861-BF0DAE0A5AD0}.Debug|Any CPU.ActiveCfg = Debug|Any CPU
		{A7CA11AC-8B5E-4B7F-8861-BF0DAE0A5AD0}.Debug|Any CPU.Build.0 = Debug|Any CPU
		{A7CA11AC-8B5E-4B7F-8861-BF0DAE0A5AD0}.Release|Any CPU.ActiveCfg = Release|Any CPU
		{A7CA11AC-8B5E-4B7F-8861-BF0DAE0A5AD0}.Release|Any CPU.Build.0 = Release|Any CPU
	EndGlobalSection
	GlobalSection(SolutionProperties) = preSolution
		HideSolutionNode = FALSE
	EndGlobalSection
EndGlobal
